
Microsoft Visual Studio Solution File, Format Version 12.00
# Visual Studio Version 17
VisualStudioVersion = 17.6.33829.357
MinimumVisualStudioVersion = 10.0.40219.1
Project("{FAE04EC0-301F-11D3-BF4B-00C04F79EFBC}") = "177237module01demo", "177237module01demo\177237module01demo.csproj", "{F3926295-78B8-4088-A7F7-61BD784CFE19}"
EndProject
Global
	GlobalSection(SolutionConfigurationPlatforms) = preSolution
		Debug|Any CPU = Debug|Any CPU
		Release|Any CPU = Release|Any CPU
	EndGlobalSection
	GlobalSection(ProjectConfigurationPlatforms) = postSolution
		{F3926295-78B8-4088-A7F7-61BD784CFE19}.Debug|Any CPU.ActiveCfg = Debug|Any CPU
		{F3926295-78B8-4088-A7F7-61BD784CFE19}.Debug|Any CPU.Build.0 = Debug|Any CPU
		{F3926295-78B8-4088-A7F7-61BD784CFE19}.Release|Any CPU.ActiveCfg = Release|Any CPU
		{F3926295-78B8-4088-A7F7-61BD784CFE19}.Release|Any CPU.Build.0 = Release|Any CPU
	EndGlobalSection
	GlobalSection(SolutionProperties) = preSolution
		HideSolutionNode = FALSE
	EndGlobalSection
	GlobalSection(ExtensibilityGlobals) = postSolution
		SolutionGuid = {AA3EC841-CE8E-4DC8-85A1-CF5F670E9372}
	EndGlobalSection
EndGlobal
